
Microsoft Visual Studio Solution File, Format Version 12.00
# Visual Studio Version 17
VisualStudioVersion = 17.12.35527.113 d17.12
MinimumVisualStudioVersion = 10.0.40219.1
Project("{FAE04EC0-301F-11D3-BF4B-00C04F79EFBC}") = "exercicio4-metros-centimetros", "exercicio4-metros-centimetros\exercicio4-metros-centimetros.csproj", "{066EA6E8-F8A9-48A3-ABE0-0F0B5D47ECB3}"
EndProject
Global
	GlobalSection(SolutionConfigurationPlatforms) = preSolution
		Debug|Any CPU = Debug|Any CPU
		Release|Any CPU = Release|Any CPU
	EndGlobalSection
	GlobalSection(ProjectConfigurationPlatforms) = postSolution
		{066EA6E8-F8A9-48A3-ABE0-0F0B5D47ECB3}.Debug|Any CPU.ActiveCfg = Debug|Any CPU
		{066EA6E8-F8A9-48A3-ABE0-0F0B5D47ECB3}.Debug|Any CPU.Build.0 = Debug|Any CPU
		{066EA6E8-F8A9-48A3-ABE0-0F0B5D47ECB3}.Release|Any CPU.ActiveCfg = Release|Any CPU
		{066EA6E8-F8A9-48A3-ABE0-0F0B5D47ECB3}.Release|Any CPU.Build.0 = Release|Any CPU
	EndGlobalSection
	GlobalSection(SolutionProperties) = preSolution
		HideSolutionNode = FALSE
	EndGlobalSection
EndGlobal
