
Microsoft Visual Studio Solution File, Format Version 12.00
# Visual Studio Version 17
VisualStudioVersion = 17.14.36221.1 d17.14
MinimumVisualStudioVersion = 10.0.40219.1
Project("{FAE04EC0-301F-11D3-BF4B-00C04F79EFBC}") = "exercicio10-aplicacao-financeira", "exercicio10-aplicacao-financeira\exercicio10-aplicacao-financeira.csproj", "{9009777F-4298-4D9E-A5AF-B0051782A9E5}"
EndProject
Global
	GlobalSection(SolutionConfigurationPlatforms) = preSolution
		Debug|Any CPU = Debug|Any CPU
		Release|Any CPU = Release|Any CPU
	EndGlobalSection
	GlobalSection(ProjectConfigurationPlatforms) = postSolution
		{9009777F-4298-4D9E-A5AF-B0051782A9E5}.Debug|Any CPU.ActiveCfg = Debug|Any CPU
		{9009777F-4298-4D9E-A5AF-B0051782A9E5}.Debug|Any CPU.Build.0 = Debug|Any CPU
		{9009777F-4298-4D9E-A5AF-B0051782A9E5}.Release|Any CPU.ActiveCfg = Release|Any CPU
		{9009777F-4298-4D9E-A5AF-B0051782A9E5}.Release|Any CPU.Build.0 = Release|Any CPU
	EndGlobalSection
	GlobalSection(SolutionProperties) = preSolution
		HideSolutionNode = FALSE
	EndGlobalSection
	GlobalSection(ExtensibilityGlobals) = postSolution
		SolutionGuid = {95011B5F-9321-4EC1-8EC2-12C04163EAED}
	EndGlobalSection
EndGlobal
