
Microsoft Visual Studio Solution File, Format Version 12.00
# Visual Studio Version 17
VisualStudioVersion = 17.14.36221.1 d17.14
MinimumVisualStudioVersion = 10.0.40219.1
Project("{FAE04EC0-301F-11D3-BF4B-00C04F79EFBC}") = "exercicio11-divisao-resto", "exercicio11-divisao-resto\exercicio11-divisao-resto.csproj", "{42DFDCB2-7E69-4C84-8188-89E7F37EAE1D}"
EndProject
Global
	GlobalSection(SolutionConfigurationPlatforms) = preSolution
		Debug|Any CPU = Debug|Any CPU
		Release|Any CPU = Release|Any CPU
	EndGlobalSection
	GlobalSection(ProjectConfigurationPlatforms) = postSolution
		{42DFDCB2-7E69-4C84-8188-89E7F37EAE1D}.Debug|Any CPU.ActiveCfg = Debug|Any CPU
		{42DFDCB2-7E69-4C84-8188-89E7F37EAE1D}.Debug|Any CPU.Build.0 = Debug|Any CPU
		{42DFDCB2-7E69-4C84-8188-89E7F37EAE1D}.Release|Any CPU.ActiveCfg = Release|Any CPU
		{42DFDCB2-7E69-4C84-8188-89E7F37EAE1D}.Release|Any CPU.Build.0 = Release|Any CPU
	EndGlobalSection
	GlobalSection(SolutionProperties) = preSolution
		HideSolutionNode = FALSE
	EndGlobalSection
	GlobalSection(ExtensibilityGlobals) = postSolution
		SolutionGuid = {126AF91A-044A-4995-8B59-220495DEA832}
	EndGlobalSection
EndGlobal
