
Microsoft Visual Studio Solution File, Format Version 12.00
# Visual Studio Version 17
VisualStudioVersion = 17.14.36203.30 d17.14
MinimumVisualStudioVersion = 10.0.40219.1
Project("{FAE04EC0-301F-11D3-BF4B-00C04F79EFBC}") = "OperacoesSimples", "OperacoesSimples\OperacoesSimples.csproj", "{2BE285C9-C845-407A-BCFD-CDDEA93C0361}"
EndProject
Global
	GlobalSection(SolutionConfigurationPlatforms) = preSolution
		Debug|Any CPU = Debug|Any CPU
		Release|Any CPU = Release|Any CPU
	EndGlobalSection
	GlobalSection(ProjectConfigurationPlatforms) = postSolution
		{2BE285C9-C845-407A-BCFD-CDDEA93C0361}.Debug|Any CPU.ActiveCfg = Debug|Any CPU
		{2BE285C9-C845-407A-BCFD-CDDEA93C0361}.Debug|Any CPU.Build.0 = Debug|Any CPU
		{2BE285C9-C845-407A-BCFD-CDDEA93C0361}.Release|Any CPU.ActiveCfg = Release|Any CPU
		{2BE285C9-C845-407A-BCFD-CDDEA93C0361}.Release|Any CPU.Build.0 = Release|Any CPU
	EndGlobalSection
	GlobalSection(SolutionProperties) = preSolution
		HideSolutionNode = FALSE
	EndGlobalSection
	GlobalSection(ExtensibilityGlobals) = postSolution
		SolutionGuid = {C299BF0F-B51D-4B4C-968A-AC7509278359}
	EndGlobalSection
EndGlobal
